
Microsoft Visual Studio Solution File, Format Version 12.00
# Visual Studio Version 17
VisualStudioVersion = 17.5.002.0
MinimumVisualStudioVersion = 10.0.40219.1
Project("{9A19103F-16F7-4668-BE54-9A1E7A4F7556}") = "zadanie5", "zadanie5.csproj", "{B6803463-5893-47F1-89C8-D1B22D57ECA0}"
EndProject
Project("{FAE04EC0-301F-11D3-BF4B-00C04F79EFBC}") = "zadanie6", "..\zadanie6\zadanie6.csproj", "{70671245-0540-4C26-8CA9-8D21D43F858A}"
EndProject
Global
	GlobalSection(SolutionConfigurationPlatforms) = preSolution
		Debug|Any CPU = Debug|Any CPU
		Release|Any CPU = Release|Any CPU
	EndGlobalSection
	GlobalSection(ProjectConfigurationPlatforms) = postSolution
		{B6803463-5893-47F1-89C8-D1B22D57ECA0}.Debug|Any CPU.ActiveCfg = Debug|Any CPU
		{B6803463-5893-47F1-89C8-D1B22D57ECA0}.Debug|Any CPU.Build.0 = Debug|Any CPU
		{B6803463-5893-47F1-89C8-D1B22D57ECA0}.Release|Any CPU.ActiveCfg = Release|Any CPU
		{B6803463-5893-47F1-89C8-D1B22D57ECA0}.Release|Any CPU.Build.0 = Release|Any CPU
		{70671245-0540-4C26-8CA9-8D21D43F858A}.Debug|Any CPU.ActiveCfg = Debug|Any CPU
		{70671245-0540-4C26-8CA9-8D21D43F858A}.Debug|Any CPU.Build.0 = Debug|Any CPU
		{70671245-0540-4C26-8CA9-8D21D43F858A}.Release|Any CPU.ActiveCfg = Release|Any CPU
		{70671245-0540-4C26-8CA9-8D21D43F858A}.Release|Any CPU.Build.0 = Release|Any CPU
	EndGlobalSection
	GlobalSection(SolutionProperties) = preSolution
		HideSolutionNode = FALSE
	EndGlobalSection
	GlobalSection(ExtensibilityGlobals) = postSolution
		SolutionGuid = {7B0EA308-50D3-419C-8653-12D4221EA193}
	EndGlobalSection
EndGlobal
