
Microsoft Visual Studio Solution File, Format Version 12.00
# Visual Studio Version 17
VisualStudioVersion = 17.14.36414.22 d17.14
MinimumVisualStudioVersion = 10.0.40219.1
Project("{FAE04EC0-301F-11D3-BF4B-00C04F79EFBC}") = "ConsoleApp17", "ConsoleApp17\ConsoleApp17.csproj", "{FDBBA463-6DAF-4B36-B719-CCC672C06B92}"
EndProject
Global
	GlobalSection(SolutionConfigurationPlatforms) = preSolution
		Debug|Any CPU = Debug|Any CPU
		Release|Any CPU = Release|Any CPU
	EndGlobalSection
	GlobalSection(ProjectConfigurationPlatforms) = postSolution
		{FDBBA463-6DAF-4B36-B719-CCC672C06B92}.Debug|Any CPU.ActiveCfg = Debug|Any CPU
		{FDBBA463-6DAF-4B36-B719-CCC672C06B92}.Debug|Any CPU.Build.0 = Debug|Any CPU
		{FDBBA463-6DAF-4B36-B719-CCC672C06B92}.Release|Any CPU.ActiveCfg = Release|Any CPU
		{FDBBA463-6DAF-4B36-B719-CCC672C06B92}.Release|Any CPU.Build.0 = Release|Any CPU
	EndGlobalSection
	GlobalSection(SolutionProperties) = preSolution
		HideSolutionNode = FALSE
	EndGlobalSection
	GlobalSection(ExtensibilityGlobals) = postSolution
		SolutionGuid = {159E6080-A664-40C2-AF9C-B67AC83FC51E}
	EndGlobalSection
EndGlobal
