
Microsoft Visual Studio Solution File, Format Version 12.00
# Visual Studio Version 17
VisualStudioVersion = 17.5.002.0
MinimumVisualStudioVersion = 10.0.40219.1
Project("{9A19103F-16F7-4668-BE54-9A1E7A4F7556}") = "zadanie1", "zadanie1.csproj", "{818731AE-210D-4EAD-8E89-804286255272}"
EndProject
Project("{FAE04EC0-301F-11D3-BF4B-00C04F79EFBC}") = "zadanie7", "..\zadanie7\zadanie7.csproj", "{76200585-257B-4E4C-8006-768E1926311A}"
EndProject
Global
	GlobalSection(SolutionConfigurationPlatforms) = preSolution
		Debug|Any CPU = Debug|Any CPU
		Release|Any CPU = Release|Any CPU
	EndGlobalSection
	GlobalSection(ProjectConfigurationPlatforms) = postSolution
		{818731AE-210D-4EAD-8E89-804286255272}.Debug|Any CPU.ActiveCfg = Debug|Any CPU
		{818731AE-210D-4EAD-8E89-804286255272}.Debug|Any CPU.Build.0 = Debug|Any CPU
		{818731AE-210D-4EAD-8E89-804286255272}.Release|Any CPU.ActiveCfg = Release|Any CPU
		{818731AE-210D-4EAD-8E89-804286255272}.Release|Any CPU.Build.0 = Release|Any CPU
		{76200585-257B-4E4C-8006-768E1926311A}.Debug|Any CPU.ActiveCfg = Debug|Any CPU
		{76200585-257B-4E4C-8006-768E1926311A}.Debug|Any CPU.Build.0 = Debug|Any CPU
		{76200585-257B-4E4C-8006-768E1926311A}.Release|Any CPU.ActiveCfg = Release|Any CPU
		{76200585-257B-4E4C-8006-768E1926311A}.Release|Any CPU.Build.0 = Release|Any CPU
	EndGlobalSection
	GlobalSection(SolutionProperties) = preSolution
		HideSolutionNode = FALSE
	EndGlobalSection
	GlobalSection(ExtensibilityGlobals) = postSolution
		SolutionGuid = {3CB0575C-9D43-438A-8089-185B153AB114}
	EndGlobalSection
EndGlobal
