
Microsoft Visual Studio Solution File, Format Version 12.00
# Visual Studio Version 17
VisualStudioVersion = 17.5.002.0
MinimumVisualStudioVersion = 10.0.40219.1
Project("{9A19103F-16F7-4668-BE54-9A1E7A4F7556}") = "ConsoleApp7", "ConsoleApp7.csproj", "{173C0189-7D82-4403-91E7-0900FEC80534}"
EndProject
Project("{FAE04EC0-301F-11D3-BF4B-00C04F79EFBC}") = "ConsoleApp8", "..\ConsoleApp8\ConsoleApp8.csproj", "{3DB57C74-B8A0-407C-9483-FFA602EA2E54}"
EndProject
Global
	GlobalSection(SolutionConfigurationPlatforms) = preSolution
		Debug|Any CPU = Debug|Any CPU
		Release|Any CPU = Release|Any CPU
	EndGlobalSection
	GlobalSection(ProjectConfigurationPlatforms) = postSolution
		{173C0189-7D82-4403-91E7-0900FEC80534}.Debug|Any CPU.ActiveCfg = Debug|Any CPU
		{173C0189-7D82-4403-91E7-0900FEC80534}.Debug|Any CPU.Build.0 = Debug|Any CPU
		{173C0189-7D82-4403-91E7-0900FEC80534}.Release|Any CPU.ActiveCfg = Release|Any CPU
		{173C0189-7D82-4403-91E7-0900FEC80534}.Release|Any CPU.Build.0 = Release|Any CPU
		{3DB57C74-B8A0-407C-9483-FFA602EA2E54}.Debug|Any CPU.ActiveCfg = Debug|Any CPU
		{3DB57C74-B8A0-407C-9483-FFA602EA2E54}.Debug|Any CPU.Build.0 = Debug|Any CPU
		{3DB57C74-B8A0-407C-9483-FFA602EA2E54}.Release|Any CPU.ActiveCfg = Release|Any CPU
		{3DB57C74-B8A0-407C-9483-FFA602EA2E54}.Release|Any CPU.Build.0 = Release|Any CPU
	EndGlobalSection
	GlobalSection(SolutionProperties) = preSolution
		HideSolutionNode = FALSE
	EndGlobalSection
	GlobalSection(ExtensibilityGlobals) = postSolution
		SolutionGuid = {1CDEE9F4-4EB1-44A9-ABD7-02DCB645D674}
	EndGlobalSection
EndGlobal
