
Microsoft Visual Studio Solution File, Format Version 12.00
# Visual Studio Version 17
VisualStudioVersion = 17.5.002.0
MinimumVisualStudioVersion = 10.0.40219.1
Project("{9A19103F-16F7-4668-BE54-9A1E7A4F7556}") = "ConsoleApp5", "ConsoleApp5.csproj", "{33F870D9-ABFA-456C-885B-041E43182C79}"
EndProject
Project("{FAE04EC0-301F-11D3-BF4B-00C04F79EFBC}") = "zadanie2", "..\..\zadanie2\zadanie2.csproj", "{575CC6A8-AC8B-472A-A1B9-CF2D7F58499D}"
EndProject
Project("{FAE04EC0-301F-11D3-BF4B-00C04F79EFBC}") = "zadanie1", "..\..\zadanie1\zadanie1.csproj", "{9954398B-038D-4FD2-ADC8-9E4C6DE4962E}"
EndProject
Global
	GlobalSection(SolutionConfigurationPlatforms) = preSolution
		Debug|Any CPU = Debug|Any CPU
		Release|Any CPU = Release|Any CPU
	EndGlobalSection
	GlobalSection(ProjectConfigurationPlatforms) = postSolution
		{33F870D9-ABFA-456C-885B-041E43182C79}.Debug|Any CPU.ActiveCfg = Debug|Any CPU
		{33F870D9-ABFA-456C-885B-041E43182C79}.Debug|Any CPU.Build.0 = Debug|Any CPU
		{33F870D9-ABFA-456C-885B-041E43182C79}.Release|Any CPU.ActiveCfg = Release|Any CPU
		{33F870D9-ABFA-456C-885B-041E43182C79}.Release|Any CPU.Build.0 = Release|Any CPU
		{575CC6A8-AC8B-472A-A1B9-CF2D7F58499D}.Debug|Any CPU.ActiveCfg = Debug|Any CPU
		{575CC6A8-AC8B-472A-A1B9-CF2D7F58499D}.Debug|Any CPU.Build.0 = Debug|Any CPU
		{575CC6A8-AC8B-472A-A1B9-CF2D7F58499D}.Release|Any CPU.ActiveCfg = Release|Any CPU
		{575CC6A8-AC8B-472A-A1B9-CF2D7F58499D}.Release|Any CPU.Build.0 = Release|Any CPU
		{9954398B-038D-4FD2-ADC8-9E4C6DE4962E}.Debug|Any CPU.ActiveCfg = Debug|Any CPU
		{9954398B-038D-4FD2-ADC8-9E4C6DE4962E}.Debug|Any CPU.Build.0 = Debug|Any CPU
		{9954398B-038D-4FD2-ADC8-9E4C6DE4962E}.Release|Any CPU.ActiveCfg = Release|Any CPU
		{9954398B-038D-4FD2-ADC8-9E4C6DE4962E}.Release|Any CPU.Build.0 = Release|Any CPU
	EndGlobalSection
	GlobalSection(SolutionProperties) = preSolution
		HideSolutionNode = FALSE
	EndGlobalSection
	GlobalSection(ExtensibilityGlobals) = postSolution
		SolutionGuid = {E3AE125C-1EC4-401A-912D-EC11BAE482E5}
	EndGlobalSection
EndGlobal
