
Microsoft Visual Studio Solution File, Format Version 12.00
# Visual Studio Version 17
VisualStudioVersion = 17.5.002.0
MinimumVisualStudioVersion = 10.0.40219.1
Project("{9A19103F-16F7-4668-BE54-9A1E7A4F7556}") = "zadanie7", "zadanie7.csproj", "{239A51D1-4E3E-43E5-9312-764C1D14F07A}"
EndProject
Global
	GlobalSection(SolutionConfigurationPlatforms) = preSolution
		Debug|Any CPU = Debug|Any CPU
		Release|Any CPU = Release|Any CPU
	EndGlobalSection
	GlobalSection(ProjectConfigurationPlatforms) = postSolution
		{239A51D1-4E3E-43E5-9312-764C1D14F07A}.Debug|Any CPU.ActiveCfg = Debug|Any CPU
		{239A51D1-4E3E-43E5-9312-764C1D14F07A}.Debug|Any CPU.Build.0 = Debug|Any CPU
		{239A51D1-4E3E-43E5-9312-764C1D14F07A}.Release|Any CPU.ActiveCfg = Release|Any CPU
		{239A51D1-4E3E-43E5-9312-764C1D14F07A}.Release|Any CPU.Build.0 = Release|Any CPU
	EndGlobalSection
	GlobalSection(SolutionProperties) = preSolution
		HideSolutionNode = FALSE
	EndGlobalSection
	GlobalSection(ExtensibilityGlobals) = postSolution
		SolutionGuid = {3F13560F-3855-487B-AD9D-F80D41301346}
	EndGlobalSection
EndGlobal
