
Microsoft Visual Studio Solution File, Format Version 12.00
# Visual Studio Version 17
VisualStudioVersion = 17.5.002.0
MinimumVisualStudioVersion = 10.0.40219.1
Project("{9A19103F-16F7-4668-BE54-9A1E7A4F7556}") = "zadanie4", "zadanie4.csproj", "{DEB85FF1-DE15-42DC-A343-4536B1BD743C}"
EndProject
Project("{FAE04EC0-301F-11D3-BF4B-00C04F79EFBC}") = "zadanie5", "..\zadanie5\zadanie5.csproj", "{8F1499CB-A9AB-4C25-856E-BB174FC1D5A8}"
EndProject
Global
	GlobalSection(SolutionConfigurationPlatforms) = preSolution
		Debug|Any CPU = Debug|Any CPU
		Release|Any CPU = Release|Any CPU
	EndGlobalSection
	GlobalSection(ProjectConfigurationPlatforms) = postSolution
		{DEB85FF1-DE15-42DC-A343-4536B1BD743C}.Debug|Any CPU.ActiveCfg = Debug|Any CPU
		{DEB85FF1-DE15-42DC-A343-4536B1BD743C}.Debug|Any CPU.Build.0 = Debug|Any CPU
		{DEB85FF1-DE15-42DC-A343-4536B1BD743C}.Release|Any CPU.ActiveCfg = Release|Any CPU
		{DEB85FF1-DE15-42DC-A343-4536B1BD743C}.Release|Any CPU.Build.0 = Release|Any CPU
		{8F1499CB-A9AB-4C25-856E-BB174FC1D5A8}.Debug|Any CPU.ActiveCfg = Debug|Any CPU
		{8F1499CB-A9AB-4C25-856E-BB174FC1D5A8}.Debug|Any CPU.Build.0 = Debug|Any CPU
		{8F1499CB-A9AB-4C25-856E-BB174FC1D5A8}.Release|Any CPU.ActiveCfg = Release|Any CPU
		{8F1499CB-A9AB-4C25-856E-BB174FC1D5A8}.Release|Any CPU.Build.0 = Release|Any CPU
	EndGlobalSection
	GlobalSection(SolutionProperties) = preSolution
		HideSolutionNode = FALSE
	EndGlobalSection
	GlobalSection(ExtensibilityGlobals) = postSolution
		SolutionGuid = {3A1B6FDB-5244-4A7F-AB13-E8B0B3CFEFDC}
	EndGlobalSection
EndGlobal
