
Microsoft Visual Studio Solution File, Format Version 12.00
# Visual Studio Version 17
VisualStudioVersion = 17.5.002.0
MinimumVisualStudioVersion = 10.0.40219.1
Project("{9A19103F-16F7-4668-BE54-9A1E7A4F7556}") = "ConsoleApp2", "ConsoleApp2.csproj", "{6201F40A-CE69-4E4B-A92C-E4C474340CE7}"
EndProject
Project("{FAE04EC0-301F-11D3-BF4B-00C04F79EFBC}") = "ConsoleApp3", "..\ConsoleApp3\ConsoleApp3.csproj", "{5C8D2BFB-E79A-4753-A00B-521E69AC3A29}"
EndProject
Global
	GlobalSection(SolutionConfigurationPlatforms) = preSolution
		Debug|Any CPU = Debug|Any CPU
		Release|Any CPU = Release|Any CPU
	EndGlobalSection
	GlobalSection(ProjectConfigurationPlatforms) = postSolution
		{6201F40A-CE69-4E4B-A92C-E4C474340CE7}.Debug|Any CPU.ActiveCfg = Debug|Any CPU
		{6201F40A-CE69-4E4B-A92C-E4C474340CE7}.Debug|Any CPU.Build.0 = Debug|Any CPU
		{6201F40A-CE69-4E4B-A92C-E4C474340CE7}.Release|Any CPU.ActiveCfg = Release|Any CPU
		{6201F40A-CE69-4E4B-A92C-E4C474340CE7}.Release|Any CPU.Build.0 = Release|Any CPU
		{5C8D2BFB-E79A-4753-A00B-521E69AC3A29}.Debug|Any CPU.ActiveCfg = Debug|Any CPU
		{5C8D2BFB-E79A-4753-A00B-521E69AC3A29}.Debug|Any CPU.Build.0 = Debug|Any CPU
		{5C8D2BFB-E79A-4753-A00B-521E69AC3A29}.Release|Any CPU.ActiveCfg = Release|Any CPU
		{5C8D2BFB-E79A-4753-A00B-521E69AC3A29}.Release|Any CPU.Build.0 = Release|Any CPU
	EndGlobalSection
	GlobalSection(SolutionProperties) = preSolution
		HideSolutionNode = FALSE
	EndGlobalSection
	GlobalSection(ExtensibilityGlobals) = postSolution
		SolutionGuid = {48C32534-87C1-49C0-BBA4-EC2E9127FA5E}
	EndGlobalSection
EndGlobal
