
Microsoft Visual Studio Solution File, Format Version 12.00
# Visual Studio Version 17
VisualStudioVersion = 17.5.002.0
MinimumVisualStudioVersion = 10.0.40219.1
Project("{9A19103F-16F7-4668-BE54-9A1E7A4F7556}") = "zadanie3", "zadanie3.csproj", "{FAB54BB5-8654-464F-B28B-1EC12C434400}"
EndProject
Project("{FAE04EC0-301F-11D3-BF4B-00C04F79EFBC}") = "zadanie4", "..\zadanie4\zadanie4.csproj", "{3DCEC5EB-0026-43E5-926E-6D3CA6EC9F89}"
EndProject
Global
	GlobalSection(SolutionConfigurationPlatforms) = preSolution
		Debug|Any CPU = Debug|Any CPU
		Release|Any CPU = Release|Any CPU
	EndGlobalSection
	GlobalSection(ProjectConfigurationPlatforms) = postSolution
		{FAB54BB5-8654-464F-B28B-1EC12C434400}.Debug|Any CPU.ActiveCfg = Debug|Any CPU
		{FAB54BB5-8654-464F-B28B-1EC12C434400}.Debug|Any CPU.Build.0 = Debug|Any CPU
		{FAB54BB5-8654-464F-B28B-1EC12C434400}.Release|Any CPU.ActiveCfg = Release|Any CPU
		{FAB54BB5-8654-464F-B28B-1EC12C434400}.Release|Any CPU.Build.0 = Release|Any CPU
		{3DCEC5EB-0026-43E5-926E-6D3CA6EC9F89}.Debug|Any CPU.ActiveCfg = Debug|Any CPU
		{3DCEC5EB-0026-43E5-926E-6D3CA6EC9F89}.Debug|Any CPU.Build.0 = Debug|Any CPU
		{3DCEC5EB-0026-43E5-926E-6D3CA6EC9F89}.Release|Any CPU.ActiveCfg = Release|Any CPU
		{3DCEC5EB-0026-43E5-926E-6D3CA6EC9F89}.Release|Any CPU.Build.0 = Release|Any CPU
	EndGlobalSection
	GlobalSection(SolutionProperties) = preSolution
		HideSolutionNode = FALSE
	EndGlobalSection
	GlobalSection(ExtensibilityGlobals) = postSolution
		SolutionGuid = {4E899473-F3ED-4048-9D18-0C3401FB5DB2}
	EndGlobalSection
EndGlobal
