
Microsoft Visual Studio Solution File, Format Version 12.00
# Visual Studio Version 17
VisualStudioVersion = 17.5.002.0
MinimumVisualStudioVersion = 10.0.40219.1
Project("{9A19103F-16F7-4668-BE54-9A1E7A4F7556}") = "ConsoleApp3", "ConsoleApp3.csproj", "{799334AA-7535-4DFE-BB55-A39BCC65C988}"
EndProject
Project("{FAE04EC0-301F-11D3-BF4B-00C04F79EFBC}") = "ConsoleApp4", "..\ConsoleApp4\ConsoleApp4.csproj", "{981F5889-AAE2-4597-9A12-3C5F6A25E941}"
EndProject
Global
	GlobalSection(SolutionConfigurationPlatforms) = preSolution
		Debug|Any CPU = Debug|Any CPU
		Release|Any CPU = Release|Any CPU
	EndGlobalSection
	GlobalSection(ProjectConfigurationPlatforms) = postSolution
		{799334AA-7535-4DFE-BB55-A39BCC65C988}.Debug|Any CPU.ActiveCfg = Debug|Any CPU
		{799334AA-7535-4DFE-BB55-A39BCC65C988}.Debug|Any CPU.Build.0 = Debug|Any CPU
		{799334AA-7535-4DFE-BB55-A39BCC65C988}.Release|Any CPU.ActiveCfg = Release|Any CPU
		{799334AA-7535-4DFE-BB55-A39BCC65C988}.Release|Any CPU.Build.0 = Release|Any CPU
		{981F5889-AAE2-4597-9A12-3C5F6A25E941}.Debug|Any CPU.ActiveCfg = Debug|Any CPU
		{981F5889-AAE2-4597-9A12-3C5F6A25E941}.Debug|Any CPU.Build.0 = Debug|Any CPU
		{981F5889-AAE2-4597-9A12-3C5F6A25E941}.Release|Any CPU.ActiveCfg = Release|Any CPU
		{981F5889-AAE2-4597-9A12-3C5F6A25E941}.Release|Any CPU.Build.0 = Release|Any CPU
	EndGlobalSection
	GlobalSection(SolutionProperties) = preSolution
		HideSolutionNode = FALSE
	EndGlobalSection
	GlobalSection(ExtensibilityGlobals) = postSolution
		SolutionGuid = {C1531589-640E-4565-A0B1-C82A47A43EDA}
	EndGlobalSection
EndGlobal
