
Microsoft Visual Studio Solution File, Format Version 12.00
# Visual Studio Version 17
VisualStudioVersion = 17.4.33205.214
MinimumVisualStudioVersion = 10.0.40219.1
Project("{FAE04EC0-301F-11D3-BF4B-00C04F79EFBC}") = "BUBBLE-SORT", "BUBBLE-SORT.csproj", "{E4D18DA6-0532-43BE-8645-0BC0A193F259}"
EndProject
Global
	GlobalSection(SolutionConfigurationPlatforms) = preSolution
		Debug|Any CPU = Debug|Any CPU
		Release|Any CPU = Release|Any CPU
	EndGlobalSection
	GlobalSection(ProjectConfigurationPlatforms) = postSolution
		{E4D18DA6-0532-43BE-8645-0BC0A193F259}.Debug|Any CPU.ActiveCfg = Debug|Any CPU
		{E4D18DA6-0532-43BE-8645-0BC0A193F259}.Debug|Any CPU.Build.0 = Debug|Any CPU
		{E4D18DA6-0532-43BE-8645-0BC0A193F259}.Release|Any CPU.ActiveCfg = Release|Any CPU
		{E4D18DA6-0532-43BE-8645-0BC0A193F259}.Release|Any CPU.Build.0 = Release|Any CPU
	EndGlobalSection
	GlobalSection(SolutionProperties) = preSolution
		HideSolutionNode = FALSE
	EndGlobalSection
	GlobalSection(ExtensibilityGlobals) = postSolution
		SolutionGuid = {F12843E4-CEA2-404A-BE10-2B8A8A98ED93}
	EndGlobalSection
EndGlobal
