
Microsoft Visual Studio Solution File, Format Version 12.00
# Visual Studio Version 17
VisualStudioVersion = 17.4.33213.308
MinimumVisualStudioVersion = 10.0.40219.1
Project("{FAE04EC0-301F-11D3-BF4B-00C04F79EFBC}") = "STUPID-SORT", "STUPID-SORT.csproj", "{206DFF90-0D74-4DBC-A768-B8B6A824011E}"
EndProject
Global
	GlobalSection(SolutionConfigurationPlatforms) = preSolution
		Debug|Any CPU = Debug|Any CPU
		Release|Any CPU = Release|Any CPU
	EndGlobalSection
	GlobalSection(ProjectConfigurationPlatforms) = postSolution
		{206DFF90-0D74-4DBC-A768-B8B6A824011E}.Debug|Any CPU.ActiveCfg = Debug|Any CPU
		{206DFF90-0D74-4DBC-A768-B8B6A824011E}.Debug|Any CPU.Build.0 = Debug|Any CPU
		{206DFF90-0D74-4DBC-A768-B8B6A824011E}.Release|Any CPU.ActiveCfg = Release|Any CPU
		{206DFF90-0D74-4DBC-A768-B8B6A824011E}.Release|Any CPU.Build.0 = Release|Any CPU
	EndGlobalSection
	GlobalSection(SolutionProperties) = preSolution
		HideSolutionNode = FALSE
	EndGlobalSection
	GlobalSection(ExtensibilityGlobals) = postSolution
		SolutionGuid = {20F84DC2-A659-4C66-82C8-1A6F2B52CB3F}
	EndGlobalSection
EndGlobal
